{
  "requires": true,
  "lockfileVersion": 1,
  "dependencies": {
    "taggle": {
      "version": "1.15.0",
      "resolved": "https://registry.npmjs.org/taggle/-/taggle-1.15.0.tgz",
      "integrity": "sha512-NW/9NcXj8ZYk1kBojNB9svp4XvpnsS03ryyMLJ6BiHrbDtnL5x1Kf1ASlKsJvnp1bQNuulppo2xQtieu0Qh1yg=="
    }
  }
}
